
Microsoft Visual Studio Solution File, Format Version 11.00
# Visual Studio 2010
Project("{FAE04EC0-301F-11D3-BF4B-00C04F79EFBC}") = "SupermarketLockerSystemTest", "SupermarketLockerSystemTest\SupermarketLockerSystemTest.csproj", "{B07E6A27-91E5-408A-8B0B-B557D968BE7E}"
EndProject
Project("{FAE04EC0-301F-11D3-BF4B-00C04F79EFBC}") = "SupermarketLockerSystem", "SupermarketLockerSystem\SupermarketLockerSystem.csproj", "{1BF5D8CB-FD9E-4977-A320-0138F2805DF8}"
EndProject
Global
	GlobalSection(SolutionConfigurationPlatforms) = preSolution
		Debug|Any CPU = Debug|Any CPU
		Debug|Mixed Platforms = Debug|Mixed Platforms
		Debug|x86 = Debug|x86
		Release|Any CPU = Release|Any CPU
		Release|Mixed Platforms = Release|Mixed Platforms
		Release|x86 = Release|x86
	EndGlobalSection
	GlobalSection(ProjectConfigurationPlatforms) = postSolution
		{B07E6A27-91E5-408A-8B0B-B557D968BE7E}.Debug|Any CPU.ActiveCfg = Debug|Any CPU
		{B07E6A27-91E5-408A-8B0B-B557D968BE7E}.Debug|Any CPU.Build.0 = Debug|Any CPU
		{B07E6A27-91E5-408A-8B0B-B557D968BE7E}.Debug|Mixed Platforms.ActiveCfg = Debug|Any CPU
		{B07E6A27-91E5-408A-8B0B-B557D968BE7E}.Debug|Mixed Platforms.Build.0 = Debug|Any CPU
		{B07E6A27-91E5-408A-8B0B-B557D968BE7E}.Debug|x86.ActiveCfg = Debug|Any CPU
		{B07E6A27-91E5-408A-8B0B-B557D968BE7E}.Release|Any CPU.ActiveCfg = Release|Any CPU
		{B07E6A27-91E5-408A-8B0B-B557D968BE7E}.Release|Any CPU.Build.0 = Release|Any CPU
		{B07E6A27-91E5-408A-8B0B-B557D968BE7E}.Release|Mixed Platforms.ActiveCfg = Release|Any CPU
		{B07E6A27-91E5-408A-8B0B-B557D968BE7E}.Release|Mixed Platforms.Build.0 = Release|Any CPU
		{B07E6A27-91E5-408A-8B0B-B557D968BE7E}.Release|x86.ActiveCfg = Release|Any CPU
		{1BF5D8CB-FD9E-4977-A320-0138F2805DF8}.Debug|Any CPU.ActiveCfg = Debug|Any CPU
		{1BF5D8CB-FD9E-4977-A320-0138F2805DF8}.Debug|Any CPU.Build.0 = Debug|Any CPU
		{1BF5D8CB-FD9E-4977-A320-0138F2805DF8}.Debug|Mixed Platforms.ActiveCfg = Debug|Any CPU
		{1BF5D8CB-FD9E-4977-A320-0138F2805DF8}.Debug|Mixed Platforms.Build.0 = Debug|Any CPU
		{1BF5D8CB-FD9E-4977-A320-0138F2805DF8}.Debug|x86.ActiveCfg = Debug|Any CPU
		{1BF5D8CB-FD9E-4977-A320-0138F2805DF8}.Release|Any CPU.ActiveCfg = Release|Any CPU
		{1BF5D8CB-FD9E-4977-A320-0138F2805DF8}.Release|Any CPU.Build.0 = Release|Any CPU
		{1BF5D8CB-FD9E-4977-A320-0138F2805DF8}.Release|Mixed Platforms.ActiveCfg = Release|Any CPU
		{1BF5D8CB-FD9E-4977-A320-0138F2805DF8}.Release|Mixed Platforms.Build.0 = Release|Any CPU
		{1BF5D8CB-FD9E-4977-A320-0138F2805DF8}.Release|x86.ActiveCfg = Release|Any CPU
	EndGlobalSection
	GlobalSection(SolutionProperties) = preSolution
		HideSolutionNode = FALSE
	EndGlobalSection
EndGlobal
